<?xml version="1.0" encoding="utf-8"?>
<Project ToolsVersion="4.0" xmlns="http://schemas.microsoft.com/developer/msbuild/2003">
  <ItemGroup>
    <Filter Include="Quelldateien">
      <UniqueIdentifier>{4FC737F1-C7A5-4376-A066-2A32D752A2FF}</UniqueIdentifier>
      <Extensions>cpp;c;cc;cxx;def;odl;idl;hpj;bat;asm;asmx</Extensions>
    </Filter>
    <Filter Include="Headerdateien">
      <UniqueIdentifier>{93995380-89BD-4b04-88EB-625FBE52EBFB}</UniqueIdentifier>
      <Extensions>h;hh;hpp;hxx;hm;inl;inc;xsd</Extensions>
    </Filter>
    <Filter Include="Ressourcendateien">
      <UniqueIdentifier>{67DA6AB6-F800-4c08-8B7A-83BB121AAD01}</UniqueIdentifier>
      <Extensions>rc;ico;cur;bmp;dlg;rc2;rct;bin;rgs;gif;jpg;jpeg;jpe;resx;tiff;tif;png;wav;mfcribbon-ms</Extensions>
    </Filter>
  </ItemGroup>
  <ItemGroup>
    <ClCompile Include="CCHandler.cpp">
      <Filter>Quelldateien</Filter>
    </ClCompile>
    <ClCompile Include="EPROMManager.cpp">
      <Filter>Quelldateien</Filter>
    </ClCompile>
    <ClCompile Include="NotePool.cpp">
      <Filter>Quelldateien</Filter>
    </ClCompile>
    <ClCompile Include="PCHandler.cpp">
      <Filter>Quelldateien</Filter>
    </ClCompile>
    <ClCompile Include="SysExHandler.cpp">
      <Filter>Quelldateien</Filter>
    </ClCompile>
    <ClCompile Include="YM2151.cpp">
      <Filter>Quelldateien</Filter>
    </ClCompile>
    <ClCompile Include="YM2151Driver.cpp">
      <Filter>Quelldateien</Filter>
    </ClCompile>
  </ItemGroup>
  <ItemGroup>
    <ClInclude Include="CCHandler.h">
      <Filter>Headerdateien</Filter>
    </ClInclude>
    <ClInclude Include="Common.h">
      <Filter>Headerdateien</Filter>
    </ClInclude>
    <ClInclude Include="EPROMManager.h">
      <Filter>Headerdateien</Filter>
    </ClInclude>
    <ClInclude Include="NotePool.h">
      <Filter>Headerdateien</Filter>
    </ClInclude>
    <ClInclude Include="PCHandler.h">
      <Filter>Headerdateien</Filter>
    </ClInclude>
    <ClInclude Include="SysExHandler.h">
      <Filter>Headerdateien</Filter>
    </ClInclude>
    <ClInclude Include="YM2151.h">
      <Filter>Headerdateien</Filter>
    </ClInclude>
    <ClInclude Include="YM2151Driver.h">
      <Filter>Headerdateien</Filter>
    </ClInclude>
    <ClInclude Include="__vm\.Midi_In_YM2151.vsarduino.h">
      <Filter>Headerdateien</Filter>
    </ClInclude>
    <ClInclude Include="__vm\.src.vsarduino.h">
      <Filter>Headerdateien</Filter>
    </ClInclude>
  </ItemGroup>
  <ItemGroup>
    <None Include="Midi_In_YM2151.ino" />
  </ItemGroup>
</Project>